github.com/AbduvokhidovRustamzhon/managers-core v0.0.0-20200210122541-6ef49c241c42 h1:ytQyDiUX1lVIyZJ29KeJYI8sUXqi1ZqhK9ysvitiLwQ=
github.com/AbduvokhidovRustamzhon/managers-core v0.0.0-20200210122541-6ef49c241c42/go.mod h1:4n2Wnt5Xul6qyk9PfSwE+kuiniLlRCUb/Lnbe/GkqjE=
github.com/mattn/go-sqlite3 v2.0.3+incompatible h1:gXHsfypPkaMZrKbD5209QV9jbUTJKjyR5WD3HYQSd+U=
github.com/mattn/go-sqlite3 v2.0.3+incompatible/go.mod h1:FPy6KqzDD04eiIsT53CuJW3U88zkxoIYsOqkbpncsNc=
